
Microsoft Visual Studio Solution File, Format Version 12.00
# Visual Studio Version 17
VisualStudioVersion = 17.9.34728.123
MinimumVisualStudioVersion = 10.0.40219.1
Project("{FAE04EC0-301F-11D3-BF4B-00C04F79EFBC}") = "greenswamp", "greenswamp.csproj", "{E061E75C-2107-4357-BC34-EF542A7FBB41}"
EndProject
Global
	GlobalSection(SolutionConfigurationPlatforms) = preSolution
		Debug|Any CPU = Debug|Any CPU
		Release|Any CPU = Release|Any CPU
	EndGlobalSection
	GlobalSection(ProjectConfigurationPlatforms) = postSolution
		{E061E75C-2107-4357-BC34-EF542A7FBB41}.Debug|Any CPU.ActiveCfg = Debug|Any CPU
		{E061E75C-2107-4357-BC34-EF542A7FBB41}.Debug|Any CPU.Build.0 = Debug|Any CPU
		{E061E75C-2107-4357-BC34-EF542A7FBB41}.Release|Any CPU.ActiveCfg = Release|Any CPU
		{E061E75C-2107-4357-BC34-EF542A7FBB41}.Release|Any CPU.Build.0 = Release|Any CPU
	EndGlobalSection
	GlobalSection(SolutionProperties) = preSolution
		HideSolutionNode = FALSE
	EndGlobalSection
	GlobalSection(ExtensibilityGlobals) = postSolution
		SolutionGuid = {0BDBDAB0-8BEF-425B-8BF9-797C99FB6223}
	EndGlobalSection
EndGlobal
